
Microsoft Visual Studio Solution File, Format Version 12.00
# Visual Studio Version 17
VisualStudioVersion = 17.10.35027.167
MinimumVisualStudioVersion = 10.0.40219.1
Project("{9A19103F-16F7-4668-BE54-9A1E7A4F7556}") = "mct-timer", "mct-timer\mct-timer.csproj", "{09B61EAD-FBF7-42BD-A8E9-55F787460E38}"
EndProject
Global
	GlobalSection(SolutionConfigurationPlatforms) = preSolution
		Debug|Any CPU = Debug|Any CPU
		Release|Any CPU = Release|Any CPU
	EndGlobalSection
	GlobalSection(ProjectConfigurationPlatforms) = postSolution
		{09B61EAD-FBF7-42BD-A8E9-55F787460E38}.Debug|Any CPU.ActiveCfg = Debug|Any CPU
		{09B61EAD-FBF7-42BD-A8E9-55F787460E38}.Debug|Any CPU.Build.0 = Debug|Any CPU
		{09B61EAD-FBF7-42BD-A8E9-55F787460E38}.Release|Any CPU.ActiveCfg = Release|Any CPU
		{09B61EAD-FBF7-42BD-A8E9-55F787460E38}.Release|Any CPU.Build.0 = Release|Any CPU
	EndGlobalSection
	GlobalSection(SolutionProperties) = preSolution
		HideSolutionNode = FALSE
	EndGlobalSection
	GlobalSection(ExtensibilityGlobals) = postSolution
		SolutionGuid = {D82E55A7-98CF-460D-9A25-2F1272E6F4FD}
	EndGlobalSection
EndGlobal
